
Microsoft Visual Studio Solution File, Format Version 12.00
# Visual Studio 15
VisualStudioVersion = 15.0.28307.421
MinimumVisualStudioVersion = 10.0.40219.1
Project("{FAE04EC0-301F-11D3-BF4B-00C04F79EFBC}") = "FolderWatcher.PL.WPF", "FolderWatcher.PL.WPF\FolderWatcher.PL.WPF.csproj", "{3B321989-363C-4C86-B947-6B6A96A74792}"
EndProject
Project("{FAE04EC0-301F-11D3-BF4B-00C04F79EFBC}") = "FolderWatcher.BLL", "FolderWatcher.BLL\FolderWatcher.BLL.csproj", "{2561B9E9-B0B5-415C-965D-60C52F5AFBAF}"
EndProject
Global
	GlobalSection(SolutionConfigurationPlatforms) = preSolution
		Debug|Any CPU = Debug|Any CPU
		Release|Any CPU = Release|Any CPU
	EndGlobalSection
	GlobalSection(ProjectConfigurationPlatforms) = postSolution
		{3B321989-363C-4C86-B947-6B6A96A74792}.Debug|Any CPU.ActiveCfg = Debug|Any CPU
		{3B321989-363C-4C86-B947-6B6A96A74792}.Debug|Any CPU.Build.0 = Debug|Any CPU
		{3B321989-363C-4C86-B947-6B6A96A74792}.Release|Any CPU.ActiveCfg = Release|Any CPU
		{3B321989-363C-4C86-B947-6B6A96A74792}.Release|Any CPU.Build.0 = Release|Any CPU
		{2561B9E9-B0B5-415C-965D-60C52F5AFBAF}.Debug|Any CPU.ActiveCfg = Debug|Any CPU
		{2561B9E9-B0B5-415C-965D-60C52F5AFBAF}.Debug|Any CPU.Build.0 = Debug|Any CPU
		{2561B9E9-B0B5-415C-965D-60C52F5AFBAF}.Release|Any CPU.ActiveCfg = Release|Any CPU
		{2561B9E9-B0B5-415C-965D-60C52F5AFBAF}.Release|Any CPU.Build.0 = Release|Any CPU
	EndGlobalSection
	GlobalSection(SolutionProperties) = preSolution
		HideSolutionNode = FALSE
	EndGlobalSection
	GlobalSection(ExtensibilityGlobals) = postSolution
		SolutionGuid = {A5C50EDD-BEDB-4D72-92A3-B7B4E966BB7B}
	EndGlobalSection
EndGlobal
